// !$*UTF8*$!
{
	archiveVersion = 1;
	classes = {
	};
	objectVersion = 50;
	objects = {

/* Begin PBXBuildFile section */
		E0E276C3216C5ACE00019B65 /* AppDelegate.swift in Sources */ = {isa = PBXBuildFile; fileRef = E0E276C2216C5ACE00019B65 /* AppDelegate.swift */; };
		E0E276C5216C5ACE00019B65 /* ViewController.swift in Sources */ = {isa = PBXBuildFile; fileRef = E0E276C4216C5ACE00019B65 /* ViewController.swift */; };
		E0E276C8216C5ACE00019B65 /* Main.storyboard in Resources */ = {isa = PBXBuildFile; fileRef = E0E276C6216C5ACE00019B65 /* Main.storyboard */; };
		E0E276CA216C5AD000019B65 /* Assets.xcassets in Resources */ = {isa = PBXBuildFile; fileRef = E0E276C9216C5AD000019B65 /* Assets.xcassets */; };
		E0E276CD216C5AD000019B65 /* LaunchScreen.storyboard in Resources */ = {isa = PBXBuildFile; fileRef = E0E276CB216C5AD000019B65 /* LaunchScreen.storyboard */; };
		E0E276D7216C728100019B65 /* ShapeLayerViewController.swift in Sources */ = {isa = PBXBuildFile; fileRef = E0E276D6216C728100019B65 /* ShapeLayerViewController.swift */; };
		E0E276E1216CA45900019B65 /* BaseViewController.swift in Sources */ = {isa = PBXBuildFile; fileRef = E0E276E0216CA45800019B65 /* BaseViewController.swift */; };
		E0E276E3216CAF5700019B65 /* TextLayerViewController.swift in Sources */ = {isa = PBXBuildFile; fileRef = E0E276E2216CAF5700019B65 /* TextLayerViewController.swift */; };
		E0E27700216DF8DF00019B65 /* TransfornmLayerViewController.swift in Sources */ = {isa = PBXBuildFile; fileRef = E0E276FF216DF8DE00019B65 /* TransfornmLayerViewController.swift */; };
		E0E27704216E07FC00019B65 /* GradientLayerViewController.swift in Sources */ = {isa = PBXBuildFile; fileRef = E0E27703216E07FC00019B65 /* GradientLayerViewController.swift */; };
		E0E27706216E0D1400019B65 /* ReplicatorLayerViewController.swift in Sources */ = {isa = PBXBuildFile; fileRef = E0E27705216E0D1400019B65 /* ReplicatorLayerViewController.swift */; };
		E0E2770C216EF9A900019B65 /* ScrollLayerViewController.swift in Sources */ = {isa = PBXBuildFile; fileRef = E0E2770B216EF9A900019B65 /* ScrollLayerViewController.swift */; };
		E0E27716216F2AE900019B65 /* TiledLayerViewController.swift in Sources */ = {isa = PBXBuildFile; fileRef = E0E27715216F2AE800019B65 /* TiledLayerViewController.swift */; };
		E0E2772B216F448400019B65 /* EmitterLayerViewController.swift in Sources */ = {isa = PBXBuildFile; fileRef = E0E2772A216F448400019B65 /* EmitterLayerViewController.swift */; };
		E0E2772D216F4A9500019B65 /* EAGLLayerViewController.swift in Sources */ = {isa = PBXBuildFile; fileRef = E0E2772C216F4A9500019B65 /* EAGLLayerViewController.swift */; };
		E0E2772F216F597F00019B65 /* AVPlayerLayerViewController.swift in Sources */ = {isa = PBXBuildFile; fileRef = E0E2772E216F597F00019B65 /* AVPlayerLayerViewController.swift */; };
/* End PBXBuildFile section */

/* Begin PBXFileReference section */
		E0E276BF216C5ACE00019B65 /* CoreAnimation06.app */ = {isa = PBXFileReference; explicitFileType = wrapper.application; includeInIndex = 0; path = CoreAnimation06.app; sourceTree = BUILT_PRODUCTS_DIR; };
		E0E276C2216C5ACE00019B65 /* AppDelegate.swift */ = {isa = PBXFileReference; lastKnownFileType = sourcecode.swift; path = AppDelegate.swift; sourceTree = "<group>"; };
		E0E276C4216C5ACE00019B65 /* ViewController.swift */ = {isa = PBXFileReference; lastKnownFileType = sourcecode.swift; path = ViewController.swift; sourceTree = "<group>"; };
		E0E276C7216C5ACE00019B65 /* Base */ = {isa = PBXFileReference; lastKnownFileType = file.storyboard; name = Base; path = Base.lproj/Main.storyboard; sourceTree = "<group>"; };
		E0E276C9216C5AD000019B65 /* Assets.xcassets */ = {isa = PBXFileReference; lastKnownFileType = folder.assetcatalog; path = Assets.xcassets; sourceTree = "<group>"; };
		E0E276CC216C5AD000019B65 /* Base */ = {isa = PBXFileReference; lastKnownFileType = file.storyboard; name = Base; path = Base.lproj/LaunchScreen.storyboard; sourceTree = "<group>"; };
		E0E276CE216C5AD000019B65 /* Info.plist */ = {isa = PBXFileReference; lastKnownFileType = text.plist.xml; path = Info.plist; sourceTree = "<group>"; };
		E0E276D6216C728100019B65 /* ShapeLayerViewController.swift */ = {isa = PBXFileReference; lastKnownFileType = sourcecode.swift; path = ShapeLayerViewController.swift; sourceTree = "<group>"; };
		E0E276E0216CA45800019B65 /* BaseViewController.swift */ = {isa = PBXFileReference; lastKnownFileType = sourcecode.swift; path = BaseViewController.swift; sourceTree = "<group>"; };
		E0E276E2216CAF5700019B65 /* TextLayerViewController.swift */ = {isa = PBXFileReference; lastKnownFileType = sourcecode.swift; path = TextLayerViewController.swift; sourceTree = "<group>"; };
		E0E276FF216DF8DE00019B65 /* TransfornmLayerViewController.swift */ = {isa = PBXFileReference; lastKnownFileType = sourcecode.swift; path = TransfornmLayerViewController.swift; sourceTree = "<group>"; };
		E0E27703216E07FC00019B65 /* GradientLayerViewController.swift */ = {isa = PBXFileReference; lastKnownFileType = sourcecode.swift; path = GradientLayerViewController.swift; sourceTree = "<group>"; };
		E0E27705216E0D1400019B65 /* ReplicatorLayerViewController.swift */ = {isa = PBXFileReference; lastKnownFileType = sourcecode.swift; path = ReplicatorLayerViewController.swift; sourceTree = "<group>"; };
		E0E2770B216EF9A900019B65 /* ScrollLayerViewController.swift */ = {isa = PBXFileReference; lastKnownFileType = sourcecode.swift; path = ScrollLayerViewController.swift; sourceTree = "<group>"; };
		E0E27715216F2AE800019B65 /* TiledLayerViewController.swift */ = {isa = PBXFileReference; lastKnownFileType = sourcecode.swift; path = TiledLayerViewController.swift; sourceTree = "<group>"; };
		E0E2772A216F448400019B65 /* EmitterLayerViewController.swift */ = {isa = PBXFileReference; lastKnownFileType = sourcecode.swift; path = EmitterLayerViewController.swift; sourceTree = "<group>"; };
		E0E2772C216F4A9500019B65 /* EAGLLayerViewController.swift */ = {isa = PBXFileReference; lastKnownFileType = sourcecode.swift; path = EAGLLayerViewController.swift; sourceTree = "<group>"; };
		E0E2772E216F597F00019B65 /* AVPlayerLayerViewController.swift */ = {isa = PBXFileReference; lastKnownFileType = sourcecode.swift; path = AVPlayerLayerViewController.swift; sourceTree = "<group>"; };
/* End PBXFileReference section */

/* Begin PBXFrameworksBuildPhase section */
		E0E276BC216C5ACE00019B65 /* Frameworks */ = {
			isa = PBXFrameworksBuildPhase;
			buildActionMask = 2147483647;
			files = (
			);
			runOnlyForDeploymentPostprocessing = 0;
		};
/* End PBXFrameworksBuildPhase section */

/* Begin PBXGroup section */
		E0E276B6216C5ACE00019B65 = {
			isa = PBXGroup;
			children = (
				E0E276C1216C5ACE00019B65 /* CoreAnimation06 */,
				E0E276C0216C5ACE00019B65 /* Products */,
			);
			sourceTree = "<group>";
		};
		E0E276C0216C5ACE00019B65 /* Products */ = {
			isa = PBXGroup;
			children = (
				E0E276BF216C5ACE00019B65 /* CoreAnimation06.app */,
			);
			name = Products;
			sourceTree = "<group>";
		};
		E0E276C1216C5ACE00019B65 /* CoreAnimation06 */ = {
			isa = PBXGroup;
			children = (
				E0E276C2216C5ACE00019B65 /* AppDelegate.swift */,
				E0E276E0216CA45800019B65 /* BaseViewController.swift */,
				E0E276C4216C5ACE00019B65 /* ViewController.swift */,
				E0E276D6216C728100019B65 /* ShapeLayerViewController.swift */,
				E0E276E2216CAF5700019B65 /* TextLayerViewController.swift */,
				E0E276FF216DF8DE00019B65 /* TransfornmLayerViewController.swift */,
				E0E27703216E07FC00019B65 /* GradientLayerViewController.swift */,
				E0E27705216E0D1400019B65 /* ReplicatorLayerViewController.swift */,
				E0E2770B216EF9A900019B65 /* ScrollLayerViewController.swift */,
				E0E27715216F2AE800019B65 /* TiledLayerViewController.swift */,
				E0E2772A216F448400019B65 /* EmitterLayerViewController.swift */,
				E0E2772C216F4A9500019B65 /* EAGLLayerViewController.swift */,
				E0E2772E216F597F00019B65 /* AVPlayerLayerViewController.swift */,
				E0E276C6216C5ACE00019B65 /* Main.storyboard */,
				E0E276C9216C5AD000019B65 /* Assets.xcassets */,
				E0E276CB216C5AD000019B65 /* LaunchScreen.storyboard */,
				E0E276CE216C5AD000019B65 /* Info.plist */,
			);
			path = CoreAnimation06;
			sourceTree = "<group>";
		};
/* End PBXGroup section */

/* Begin PBXNativeTarget section */
		E0E276BE216C5ACE00019B65 /* CoreAnimation06 */ = {
			isa = PBXNativeTarget;
			buildConfigurationList = E0E276D1216C5AD000019B65 /* Build configuration list for PBXNativeTarget "CoreAnimation06" */;
			buildPhases = (
				E0E276BB216C5ACE00019B65 /* Sources */,
				E0E276BC216C5ACE00019B65 /* Frameworks */,
				E0E276BD216C5ACE00019B65 /* Resources */,
			);
			buildRules = (
			);
			dependencies = (
			);
			name = CoreAnimation06;
			productName = CoreAnimation06;
			productReference = E0E276BF216C5ACE00019B65 /* CoreAnimation06.app */;
			productType = "com.apple.product-type.application";
		};
/* End PBXNativeTarget section */

/* Begin PBXProject section */
		E0E276B7216C5ACE00019B65 /* Project object */ = {
			isa = PBXProject;
			attributes = {
				LastSwiftUpdateCheck = 1000;
				LastUpgradeCheck = 1000;
				ORGANIZATIONNAME = roni;
				TargetAttributes = {
					E0E276BE216C5ACE00019B65 = {
						CreatedOnToolsVersion = 10.0;
					};
				};
			};
			buildConfigurationList = E0E276BA216C5ACE00019B65 /* Build configuration list for PBXProject "CoreAnimation06" */;
			compatibilityVersion = "Xcode 9.3";
			developmentRegion = en;
			hasScannedForEncodings = 0;
			knownRegions = (
				en,
				Base,
			);
			mainGroup = E0E276B6216C5ACE00019B65;
			productRefGroup = E0E276C0216C5ACE00019B65 /* Products */;
			projectDirPath = "";
			projectRoot = "";
			targets = (
				E0E276BE216C5ACE00019B65 /* CoreAnimation06 */,
			);
		};
/* End PBXProject section */

/* Begin PBXResourcesBuildPhase section */
		E0E276BD216C5ACE00019B65 /* Resources */ = {
			isa = PBXResourcesBuildPhase;
			buildActionMask = 2147483647;
			files = (
				E0E276CD216C5AD000019B65 /* LaunchScreen.storyboard in Resources */,
				E0E276CA216C5AD000019B65 /* Assets.xcassets in Resources */,
				E0E276C8216C5ACE00019B65 /* Main.storyboard in Resources */,
			);
			runOnlyForDeploymentPostprocessing = 0;
		};
/* End PBXResourcesBuildPhase section */

/* Begin PBXSourcesBuildPhase section */
		E0E276BB216C5ACE00019B65 /* Sources */ = {
			isa = PBXSourcesBuildPhase;
			buildActionMask = 2147483647;
			files = (
				E0E276D7216C728100019B65 /* ShapeLayerViewController.swift in Sources */,
				E0E276E3216CAF5700019B65 /* TextLayerViewController.swift in Sources */,
				E0E276E1216CA45900019B65 /* BaseViewController.swift in Sources */,
				E0E27716216F2AE900019B65 /* TiledLayerViewController.swift in Sources */,
				E0E276C5216C5ACE00019B65 /* ViewController.swift in Sources */,
				E0E2772D216F4A9500019B65 /* EAGLLayerViewController.swift in Sources */,
				E0E2772B216F448400019B65 /* EmitterLayerViewController.swift in Sources */,
				E0E27700216DF8DF00019B65 /* TransfornmLayerViewController.swift in Sources */,
				E0E276C3216C5ACE00019B65 /* AppDelegate.swift in Sources */,
				E0E2770C216EF9A900019B65 /* ScrollLayerViewController.swift in Sources */,
				E0E27704216E07FC00019B65 /* GradientLayerViewController.swift in Sources */,
				E0E27706216E0D1400019B65 /* ReplicatorLayerViewController.swift in Sources */,
				E0E2772F216F597F00019B65 /* AVPlayerLayerViewController.swift in Sources */,
			);
			runOnlyForDeploymentPostprocessing = 0;
		};
/* End PBXSourcesBuildPhase section */

/* Begin PBXVariantGroup section */
		E0E276C6216C5ACE00019B65 /* Main.storyboard */ = {
			isa = PBXVariantGroup;
			children = (
				E0E276C7216C5ACE00019B65 /* Base */,
			);
			name = Main.storyboard;
			sourceTree = "<group>";
		};
		E0E276CB216C5AD000019B65 /* LaunchScreen.storyboard */ = {
			isa = PBXVariantGroup;
			children = (
				E0E276CC216C5AD000019B65 /* Base */,
			);
			name = LaunchScreen.storyboard;
			sourceTree = "<group>";
		};
/* End PBXVariantGroup section */

/* Begin XCBuildConfiguration section */
		E0E276CF216C5AD000019B65 /* Debug */ = {
			isa = XCBuildConfiguration;
			buildSettings = {
				ALWAYS_SEARCH_USER_PATHS = NO;
				CLANG_ANALYZER_NONNULL = YES;
				CLANG_ANALYZER_NUMBER_OBJECT_CONVERSION = YES_AGGRESSIVE;
				CLANG_CXX_LANGUAGE_STANDARD = "gnu++14";
				CLANG_CXX_LIBRARY = "libc++";
				CLANG_ENABLE_MODULES = YES;
				CLANG_ENABLE_OBJC_ARC = YES;
				CLANG_ENABLE_OBJC_WEAK = YES;
				CLANG_WARN_BLOCK_CAPTURE_AUTORELEASING = YES;
				CLANG_WARN_BOOL_CONVERSION = YES;
				CLANG_WARN_COMMA = YES;
				CLANG_WARN_CONSTANT_CONVERSION = YES;
				CLANG_WARN_DEPRECATED_OBJC_IMPLEMENTATIONS = YES;
				CLANG_WARN_DIRECT_OBJC_ISA_USAGE = YES_ERROR;
				CLANG_WARN_DOCUMENTATION_COMMENTS = YES;
				CLANG_WARN_EMPTY_BODY = YES;
				CLANG_WARN_ENUM_CONVERSION = YES;
				CLANG_WARN_INFINITE_RECURSION = YES;
				CLANG_WARN_INT_CONVERSION = YES;
				CLANG_WARN_NON_LITERAL_NULL_CONVERSION = YES;
				CLANG_WARN_OBJC_IMPLICIT_RETAIN_SELF = YES;
				CLANG_WARN_OBJC_LITERAL_CONVERSION = YES;
				CLANG_WARN_OBJC_ROOT_CLASS = YES_ERROR;
				CLANG_WARN_RANGE_LOOP_ANALYSIS = YES;
				CLANG_WARN_STRICT_PROTOTYPES = YES;
				CLANG_WARN_SUSPICIOUS_MOVE = YES;
				CLANG_WARN_UNGUARDED_AVAILABILITY = YES_AGGRESSIVE;
				CLANG_WARN_UNREACHABLE_CODE = YES;
				CLANG_WARN__DUPLICATE_METHOD_MATCH = YES;
				CODE_SIGN_IDENTITY = "iPhone Developer";
				COPY_PHASE_STRIP = NO;
				DEBUG_INFORMATION_FORMAT = dwarf;
				ENABLE_STRICT_OBJC_MSGSEND = YES;
				ENABLE_TESTABILITY = YES;
				GCC_C_LANGUAGE_STANDARD = gnu11;
				GCC_DYNAMIC_NO_PIC = NO;
				GCC_NO_COMMON_BLOCKS = YES;
				GCC_OPTIMIZATION_LEVEL = 0;
				GCC_PREPROCESSOR_DEFINITIONS = (
					"DEBUG=1",
					"$(inherited)",
				);
				GCC_WARN_64_TO_32_BIT_CONVERSION = YES;
				GCC_WARN_ABOUT_RETURN_TYPE = YES_ERROR;
				GCC_WARN_UNDECLARED_SELECTOR = YES;
				GCC_WARN_UNINITIALIZED_AUTOS = YES_AGGRESSIVE;
				GCC_WARN_UNUSED_FUNCTION = YES;
				GCC_WARN_UNUSED_VARIABLE = YES;
				IPHONEOS_DEPLOYMENT_TARGET = 12.0;
				MTL_ENABLE_DEBUG_INFO = INCLUDE_SOURCE;
				MTL_FAST_MATH = YES;
				ONLY_ACTIVE_ARCH = YES;
				SDKROOT = iphoneos;
				SWIFT_ACTIVE_COMPILATION_CONDITIONS = DEBUG;
				SWIFT_OPTIMIZATION_LEVEL = "-Onone";
			};
			name = Debug;
		};
		E0E276D0216C5AD000019B65 /* Release */ = {
			isa = XCBuildConfiguration;
			buildSettings = {
				ALWAYS_SEARCH_USER_PATHS = NO;
				CLANG_ANALYZER_NONNULL = YES;
				CLANG_ANALYZER_NUMBER_OBJECT_CONVERSION = YES_AGGRESSIVE;
				CLANG_CXX_LANGUAGE_STANDARD = "gnu++14";
				CLANG_CXX_LIBRARY = "libc++";
				CLANG_ENABLE_MODULES = YES;
				CLANG_ENABLE_OBJC_ARC = YES;
				CLANG_ENABLE_OBJC_WEAK = YES;
				CLANG_WARN_BLOCK_CAPTURE_AUTORELEASING = YES;
				CLANG_WARN_BOOL_CONVERSION = YES;
				CLANG_WARN_COMMA = YES;
				CLANG_WARN_CONSTANT_CONVERSION = YES;
				CLANG_WARN_DEPRECATED_OBJC_IMPLEMENTATIONS = YES;
				CLANG_WARN_DIRECT_OBJC_ISA_USAGE = YES_ERROR;
				CLANG_WARN_DOCUMENTATION_COMMENTS = YES;
				CLANG_WARN_EMPTY_BODY = YES;
				CLANG_WARN_ENUM_CONVERSION = YES;
				CLANG_WARN_INFINITE_RECURSION = YES;
				CLANG_WARN_INT_CONVERSION = YES;
				CLANG_WARN_NON_LITERAL_NULL_CONVERSION = YES;
				CLANG_WARN_OBJC_IMPLICIT_RETAIN_SELF = YES;
				CLANG_WARN_OBJC_LITERAL_CONVERSION = YES;
				CLANG_WARN_OBJC_ROOT_CLASS = YES_ERROR;
				CLANG_WARN_RANGE_LOOP_ANALYSIS = YES;
				CLANG_WARN_STRICT_PROTOTYPES = YES;
				CLANG_WARN_SUSPICIOUS_MOVE = YES;
				CLANG_WARN_UNGUARDED_AVAILABILITY = YES_AGGRESSIVE;
				CLANG_WARN_UNREACHABLE_CODE = YES;
				CLANG_WARN__DUPLICATE_METHOD_MATCH = YES;
				CODE_SIGN_IDENTITY = "iPhone Developer";
				COPY_PHASE_STRIP = NO;
				DEBUG_INFORMATION_FORMAT = "dwarf-with-dsym";
				ENABLE_NS_ASSERTIONS = NO;
				ENABLE_STRICT_OBJC_MSGSEND = YES;
				GCC_C_LANGUAGE_STANDARD = gnu11;
				GCC_NO_COMMON_BLOCKS = YES;
				GCC_WARN_64_TO_32_BIT_CONVERSION = YES;
				GCC_WARN_ABOUT_RETURN_TYPE = YES_ERROR;
				GCC_WARN_UNDECLARED_SELECTOR = YES;
				GCC_WARN_UNINITIALIZED_AUTOS = YES_AGGRESSIVE;
				GCC_WARN_UNUSED_FUNCTION = YES;
				GCC_WARN_UNUSED_VARIABLE = YES;
				IPHONEOS_DEPLOYMENT_TARGET = 12.0;
				MTL_ENABLE_DEBUG_INFO = NO;
				MTL_FAST_MATH = YES;
				SDKROOT = iphoneos;
				SWIFT_COMPILATION_MODE = wholemodule;
				SWIFT_OPTIMIZATION_LEVEL = "-O";
				VALIDATE_PRODUCT = YES;
			};
			name = Release;
		};
		E0E276D2216C5AD000019B65 /* Debug */ = {
			isa = XCBuildConfiguration;
			buildSettings = {
				ASSETCATALOG_COMPILER_APPICON_NAME = AppIcon;
				CODE_SIGN_STYLE = Automatic;
				DEVELOPMENT_TEAM = 9M58D95D36;
				INFOPLIST_FILE = CoreAnimation06/Info.plist;
				IPHONEOS_DEPLOYMENT_TARGET = 10.0;
				LD_RUNPATH_SEARCH_PATHS = (
					"$(inherited)",
					"@executable_path/Frameworks",
				);
				PRODUCT_BUNDLE_IDENTIFIER = com.xhb.zwx.CoreAnimation01.CoreAnimation06;
				PRODUCT_NAME = "$(TARGET_NAME)";
				SWIFT_VERSION = 4.2;
				TARGETED_DEVICE_FAMILY = "1,2";
			};
			name = Debug;
		};
		E0E276D3216C5AD000019B65 /* Release */ = {
			isa = XCBuildConfiguration;
			buildSettings = {
				ASSETCATALOG_COMPILER_APPICON_NAME = AppIcon;
				CODE_SIGN_STYLE = Automatic;
				DEVELOPMENT_TEAM = 9M58D95D36;
				INFOPLIST_FILE = CoreAnimation06/Info.plist;
				IPHONEOS_DEPLOYMENT_TARGET = 10.0;
				LD_RUNPATH_SEARCH_PATHS = (
					"$(inherited)",
					"@executable_path/Frameworks",
				);
				PRODUCT_BUNDLE_IDENTIFIER = com.xhb.zwx.CoreAnimation01.CoreAnimation06;
				PRODUCT_NAME = "$(TARGET_NAME)";
				SWIFT_VERSION = 4.2;
				TARGETED_DEVICE_FAMILY = "1,2";
			};
			name = Release;
		};
/* End XCBuildConfiguration section */

/* Begin XCConfigurationList section */
		E0E276BA216C5ACE00019B65 /* Build configuration list for PBXProject "CoreAnimation06" */ = {
			isa = XCConfigurationList;
			buildConfigurations = (
				E0E276CF216C5AD000019B65 /* Debug */,
				E0E276D0216C5AD000019B65 /* Release */,
			);
			defaultConfigurationIsVisible = 0;
			defaultConfigurationName = Release;
		};
		E0E276D1216C5AD000019B65 /* Build configuration list for PBXNativeTarget "CoreAnimation06" */ = {
			isa = XCConfigurationList;
			buildConfigurations = (
				E0E276D2216C5AD000019B65 /* Debug */,
				E0E276D3216C5AD000019B65 /* Release */,
			);
			defaultConfigurationIsVisible = 0;
			defaultConfigurationName = Release;
		};
/* End XCConfigurationList section */
	};
	rootObject = E0E276B7216C5ACE00019B65 /* Project object */;
}
